
Microsoft Visual Studio Solution File, Format Version 12.00
# Visual Studio Version 17
VisualStudioVersion = 17.10.35013.160
MinimumVisualStudioVersion = 10.0.40219.1
Project("{2150E333-8FDC-42A3-9474-1A3956D46DE8}") = "Solution Items", "Solution Items", "{CE342AB5-E63F-48AE-BDCC-5E21157E4EA9}"
	ProjectSection(SolutionItems) = preProject
		.gitattributes = .gitattributes
		.gitignore = .gitignore
		LICENSE.txt = LICENSE.txt
		README.md = README.md
	EndProjectSection
EndProject
Project("{9A19103F-16F7-4668-BE54-9A1E7A4F7556}") = "Posseth.SafeWebCore", "src\Posseth.SafeWebCore\Posseth.SafeWebCore.csproj", "{3CC906DB-9397-47D8-BE88-48C89A1C841D}"
EndProject
Global
	GlobalSection(SolutionConfigurationPlatforms) = preSolution
		Debug|Any CPU = Debug|Any CPU
		Release|Any CPU = Release|Any CPU
	EndGlobalSection
	GlobalSection(ProjectConfigurationPlatforms) = postSolution
		{3CC906DB-9397-47D8-BE88-48C89A1C841D}.Debug|Any CPU.ActiveCfg = Debug|Any CPU
		{3CC906DB-9397-47D8-BE88-48C89A1C841D}.Debug|Any CPU.Build.0 = Debug|Any CPU
		{3CC906DB-9397-47D8-BE88-48C89A1C841D}.Release|Any CPU.ActiveCfg = Release|Any CPU
		{3CC906DB-9397-47D8-BE88-48C89A1C841D}.Release|Any CPU.Build.0 = Release|Any CPU
	EndGlobalSection
	GlobalSection(SolutionProperties) = preSolution
		HideSolutionNode = FALSE
	EndGlobalSection
	GlobalSection(ExtensibilityGlobals) = postSolution
		SolutionGuid = {F9EDD709-73CF-4384-B3E6-8B70A701B402}
	EndGlobalSection
EndGlobal
